// !$*UTF8*$!
{
	archiveVersion = 1;
	classes = {
	};
	objectVersion = 77;
	objects = {

/* Begin PBXBuildFile section */
		1E6C43DA2FC4C652004473AA /* NetworkMonitor.swift in Sources */ = {isa = PBXBuildFile; fileRef = 1E6C43D92FC4C652004473AA /* NetworkMonitor.swift */; };
/* End PBXBuildFile section */

/* Begin PBXContainerItemProxy section */
		1E2E55632FC2AA7F00B6345C /* PBXContainerItemProxy */ = {
			isa = PBXContainerItemProxy;
			containerPortal = 1E2E554B2FC2AA7D00B6345C /* Project object */;
			proxyType = 1;
			remoteGlobalIDString = 1E2E55522FC2AA7D00B6345C;
			remoteInfo = ScalperDashboard;
		};
		1E2E556D2FC2AA7F00B6345C /* PBXContainerItemProxy */ = {
			isa = PBXContainerItemProxy;
			containerPortal = 1E2E554B2FC2AA7D00B6345C /* Project object */;
			proxyType = 1;
			remoteGlobalIDString = 1E2E55522FC2AA7D00B6345C;
			remoteInfo = ScalperDashboard;
		};
/* End PBXContainerItemProxy section */

/* Begin PBXFileReference section */
		1E2E55532FC2AA7D00B6345C /* ScalperDashboard.app */ = {isa = PBXFileReference; explicitFileType = wrapper.application; includeInIndex = 0; path = ScalperDashboard.app; sourceTree = BUILT_PRODUCTS_DIR; };
		1E2E55622FC2AA7F00B6345C /* ScalperDashboardTests.xctest */ = {isa = PBXFileReference; explicitFileType = wrapper.cfbundle; includeInIndex = 0; path = ScalperDashboardTests.xctest; sourceTree = BUILT_PRODUCTS_DIR; };
		1E2E556C2FC2AA7F00B6345C /* ScalperDashboardUITests.xctest */ = {isa = PBXFileReference; explicitFileType = wrapper.cfbundle; includeInIndex = 0; path = ScalperDashboardUITests.xctest; sourceTree = BUILT_PRODUCTS_DIR; };
		1E6C43D92FC4C652004473AA /* NetworkMonitor.swift */ = {isa = PBXFileReference; lastKnownFileType = sourcecode.swift; path = NetworkMonitor.swift; sourceTree = "<group>"; };
/* End PBXFileReference section */

/* Begin PBXFileSystemSynchronizedRootGroup section */
		1E2E55552FC2AA7D00B6345C /* ScalperDashboard */ = {
			isa = PBXFileSystemSynchronizedRootGroup;
			path = ScalperDashboard;
			sourceTree = "<group>";
		};
		1E2E55652FC2AA7F00B6345C /* ScalperDashboardTests */ = {
			isa = PBXFileSystemSynchronizedRootGroup;
			path = ScalperDashboardTests;
			sourceTree = "<group>";
		};
		1E2E556F2FC2AA7F00B6345C /* ScalperDashboardUITests */ = {
			isa = PBXFileSystemSynchronizedRootGroup;
			path = ScalperDashboardUITests;
			sourceTree = "<group>";
		};
/* End PBXFileSystemSynchronizedRootGroup section */

/* Begin PBXFrameworksBuildPhase section */
		1E2E55502FC2AA7D00B6345C /* Frameworks */ = {
			isa = PBXFrameworksBuildPhase;
			buildActionMask = 2147483647;
			files = (
			);
			runOnlyForDeploymentPostprocessing = 0;
		};
		1E2E555F2FC2AA7F00B6345C /* Frameworks */ = {
			isa = PBXFrameworksBuildPhase;
			buildActionMask = 2147483647;
			files = (
			);
			runOnlyForDeploymentPostprocessing = 0;
		};
		1E2E55692FC2AA7F00B6345C /* Frameworks */ = {
			isa = PBXFrameworksBuildPhase;
			buildActionMask = 2147483647;
			files = (
			);
			runOnlyForDeploymentPostprocessing = 0;
		};
/* End PBXFrameworksBuildPhase section */

/* Begin PBXGroup section */
		1E2E554A2FC2AA7D00B6345C = {
			isa = PBXGroup;
			children = (
				1E2E55552FC2AA7D00B6345C /* ScalperDashboard */,
				1E2E55652FC2AA7F00B6345C /* ScalperDashboardTests */,
				1E2E556F2FC2AA7F00B6345C /* ScalperDashboardUITests */,
				1E2E55542FC2AA7D00B6345C /* Products */,
				1E6C43D92FC4C652004473AA /* NetworkMonitor.swift */,
			);
			sourceTree = "<group>";
		};
		1E2E55542FC2AA7D00B6345C /* Products */ = {
			isa = PBXGroup;
			children = (
				1E2E55532FC2AA7D00B6345C /* ScalperDashboard.app */,
				1E2E55622FC2AA7F00B6345C /* ScalperDashboardTests.xctest */,
				1E2E556C2FC2AA7F00B6345C /* ScalperDashboardUITests.xctest */,
			);
			name = Products;
			sourceTree = "<group>";
		};
/* End PBXGroup section */

/* Begin PBXNativeTarget section */
		1E2E55522FC2AA7D00B6345C /* ScalperDashboard */ = {
			isa = PBXNativeTarget;
			buildConfigurationList = 1E2E55762FC2AA7F00B6345C /* Build configuration list for PBXNativeTarget "ScalperDashboard" */;
			buildPhases = (
				1E2E554F2FC2AA7D00B6345C /* Sources */,
				1E2E55502FC2AA7D00B6345C /* Frameworks */,
				1E2E55512FC2AA7D00B6345C /* Resources */,
			);
			buildRules = (
			);
			dependencies = (
			);
			fileSystemSynchronizedGroups = (
				1E2E55552FC2AA7D00B6345C /* ScalperDashboard */,
			);
			name = ScalperDashboard;
			packageProductDependencies = (
			);
			productName = ScalperDashboard;
			productReference = 1E2E55532FC2AA7D00B6345C /* ScalperDashboard.app */;
			productType = "com.apple.product-type.application";
		};
		1E2E55612FC2AA7F00B6345C /* ScalperDashboardTests */ = {
			isa = PBXNativeTarget;
			buildConfigurationList = 1E2E55792FC2AA7F00B6345C /* Build configuration list for PBXNativeTarget "ScalperDashboardTests" */;
			buildPhases = (
				1E2E555E2FC2AA7F00B6345C /* Sources */,
				1E2E555F2FC2AA7F00B6345C /* Frameworks */,
				1E2E55602FC2AA7F00B6345C /* Resources */,
			);
			buildRules = (
			);
			dependencies = (
				1E2E55642FC2AA7F00B6345C /* PBXTargetDependency */,
			);
			fileSystemSynchronizedGroups = (
				1E2E55652FC2AA7F00B6345C /* ScalperDashboardTests */,
			);
			name = ScalperDashboardTests;
			packageProductDependencies = (
			);
			productName = ScalperDashboardTests;
			productReference = 1E2E55622FC2AA7F00B6345C /* ScalperDashboardTests.xctest */;
			productType = "com.apple.product-type.bundle.unit-test";
		};
		1E2E556B2FC2AA7F00B6345C /* ScalperDashboardUITests */ = {
			isa = PBXNativeTarget;
			buildConfigurationList = 1E2E557C2FC2AA7F00B6345C /* Build configuration list for PBXNativeTarget "ScalperDashboardUITests" */;
			buildPhases = (
				1E2E55682FC2AA7F00B6345C /* Sources */,
				1E2E55692FC2AA7F00B6345C /* Frameworks */,
				1E2E556A2FC2AA7F00B6345C /* Resources */,
			);
			buildRules = (
			);
			dependencies = (
				1E2E556E2FC2AA7F00B6345C /* PBXTargetDependency */,
			);
			fileSystemSynchronizedGroups = (
				1E2E556F2FC2AA7F00B6345C /* ScalperDashboardUITests */,
			);
			name = ScalperDashboardUITests;
			packageProductDependencies = (
			);
			productName = ScalperDashboardUITests;
			productReference = 1E2E556C2FC2AA7F00B6345C /* ScalperDashboardUITests.xctest */;
			productType = "com.apple.product-type.bundle.ui-testing";
		};
/* End PBXNativeTarget section */

/* Begin PBXProject section */
		1E2E554B2FC2AA7D00B6345C /* Project object */ = {
			isa = PBXProject;
			attributes = {
				BuildIndependentTargetsInParallel = 1;
				LastSwiftUpdateCheck = 2620;
				LastUpgradeCheck = 2620;
				TargetAttributes = {
					1E2E55522FC2AA7D00B6345C = {
						CreatedOnToolsVersion = 26.2;
					};
					1E2E55612FC2AA7F00B6345C = {
						CreatedOnToolsVersion = 26.2;
						TestTargetID = 1E2E55522FC2AA7D00B6345C;
					};
					1E2E556B2FC2AA7F00B6345C = {
						CreatedOnToolsVersion = 26.2;
						TestTargetID = 1E2E55522FC2AA7D00B6345C;
					};
				};
			};
			buildConfigurationList = 1E2E554E2FC2AA7D00B6345C /* Build configuration list for PBXProject "ScalperDashboard" */;
			developmentRegion = en;
			hasScannedForEncodings = 0;
			knownRegions = (
				en,
				Base,
			);
			mainGroup = 1E2E554A2FC2AA7D00B6345C;
			minimizedProjectReferenceProxies = 1;
			preferredProjectObjectVersion = 77;
			productRefGroup = 1E2E55542FC2AA7D00B6345C /* Products */;
			projectDirPath = "";
			projectRoot = "";
			targets = (
				1E2E55522FC2AA7D00B6345C /* ScalperDashboard */,
				1E2E55612FC2AA7F00B6345C /* ScalperDashboardTests */,
				1E2E556B2FC2AA7F00B6345C /* ScalperDashboardUITests */,
			);
		};
/* End PBXProject section */

/* Begin PBXResourcesBuildPhase section */
		1E2E55512FC2AA7D00B6345C /* Resources */ = {
			isa = PBXResourcesBuildPhase;
			buildActionMask = 2147483647;
			files = (
			);
			runOnlyForDeploymentPostprocessing = 0;
		};
		1E2E55602FC2AA7F00B6345C /* Resources */ = {
			isa = PBXResourcesBuildPhase;
			buildActionMask = 2147483647;
			files = (
			);
			runOnlyForDeploymentPostprocessing = 0;
		};
		1E2E556A2FC2AA7F00B6345C /* Resources */ = {
			isa = PBXResourcesBuildPhase;
			buildActionMask = 2147483647;
			files = (
			);
			runOnlyForDeploymentPostprocessing = 0;
		};
/* End PBXResourcesBuildPhase section */

/* Begin PBXSourcesBuildPhase section */
		1E2E554F2FC2AA7D00B6345C /* Sources */ = {
			isa = PBXSourcesBuildPhase;
			buildActionMask = 2147483647;
			files = (
				1E6C43DA2FC4C652004473AA /* NetworkMonitor.swift in Sources */,
			);
			runOnlyForDeploymentPostprocessing = 0;
		};
		1E2E555E2FC2AA7F00B6345C /* Sources */ = {
			isa = PBXSourcesBuildPhase;
			buildActionMask = 2147483647;
			files = (
			);
			runOnlyForDeploymentPostprocessing = 0;
		};
		1E2E55682FC2AA7F00B6345C /* Sources */ = {
			isa = PBXSourcesBuildPhase;
			buildActionMask = 2147483647;
			files = (
			);
			runOnlyForDeploymentPostprocessing = 0;
		};
/* End PBXSourcesBuildPhase section */

/* Begin PBXTargetDependency section */
		1E2E55642FC2AA7F00B6345C /* PBXTargetDependency */ = {
			isa = PBXTargetDependency;
			target = 1E2E55522FC2AA7D00B6345C /* ScalperDashboard */;
			targetProxy = 1E2E55632FC2AA7F00B6345C /* PBXContainerItemProxy */;
		};
		1E2E556E2FC2AA7F00B6345C /* PBXTargetDependency */ = {
			isa = PBXTargetDependency;
			target = 1E2E55522FC2AA7D00B6345C /* ScalperDashboard */;
			targetProxy = 1E2E556D2FC2AA7F00B6345C /* PBXContainerItemProxy */;
		};
/* End PBXTargetDependency section */

/* Begin XCBuildConfiguration section */
		1E2E55742FC2AA7F00B6345C /* Debug */ = {
			isa = XCBuildConfiguration;
			buildSettings = {
				ALWAYS_SEARCH_USER_PATHS = NO;
				ASSETCATALOG_COMPILER_GENERATE_SWIFT_ASSET_SYMBOL_EXTENSIONS = YES;
				CLANG_ANALYZER_NONNULL = YES;
				CLANG_ANALYZER_NUMBER_OBJECT_CONVERSION = YES_AGGRESSIVE;
				CLANG_CXX_LANGUAGE_STANDARD = "gnu++20";
				CLANG_ENABLE_MODULES = YES;
				CLANG_ENABLE_OBJC_ARC = YES;
				CLANG_ENABLE_OBJC_WEAK = YES;
				CLANG_WARN_BLOCK_CAPTURE_AUTORELEASING = YES;
				CLANG_WARN_BOOL_CONVERSION = YES;
				CLANG_WARN_COMMA = YES;
				CLANG_WARN_CONSTANT_CONVERSION = YES;
				CLANG_WARN_DEPRECATED_OBJC_IMPLEMENTATIONS = YES;
				CLANG_WARN_DIRECT_OBJC_ISA_USAGE = YES_ERROR;
				CLANG_WARN_DOCUMENTATION_COMMENTS = YES;
				CLANG_WARN_EMPTY_BODY = YES;
				CLANG_WARN_ENUM_CONVERSION = YES;
				CLANG_WARN_INFINITE_RECURSION = YES;
				CLANG_WARN_INT_CONVERSION = YES;
				CLANG_WARN_NON_LITERAL_NULL_CONVERSION = YES;
				CLANG_WARN_OBJC_IMPLICIT_RETAIN_SELF = YES;
				CLANG_WARN_OBJC_LITERAL_CONVERSION = YES;
				CLANG_WARN_OBJC_ROOT_CLASS = YES_ERROR;
				CLANG_WARN_QUOTED_INCLUDE_IN_FRAMEWORK_HEADER = YES;
				CLANG_WARN_RANGE_LOOP_ANALYSIS = YES;
				CLANG_WARN_STRICT_PROTOTYPES = YES;
				CLANG_WARN_SUSPICIOUS_MOVE = YES;
				CLANG_WARN_UNGUARDED_AVAILABILITY = YES_AGGRESSIVE;
				CLANG_WARN_UNREACHABLE_CODE = YES;
				CLANG_WARN__DUPLICATE_METHOD_MATCH = YES;
				COPY_PHASE_STRIP = NO;
				DEBUG_INFORMATION_FORMAT = dwarf;
				DEVELOPMENT_TEAM = U7DNT8RZUL;
				ENABLE_STRICT_OBJC_MSGSEND = YES;
				ENABLE_TESTABILITY = YES;
				ENABLE_USER_SCRIPT_SANDBOXING = YES;
				GCC_C_LANGUAGE_STANDARD = gnu17;
				GCC_DYNAMIC_NO_PIC = NO;
				GCC_NO_COMMON_BLOCKS = YES;
				GCC_OPTIMIZATION_LEVEL = 0;
				GCC_PREPROCESSOR_DEFINITIONS = (
					"DEBUG=1",
					"$(inherited)",
				);
				GCC_WARN_64_TO_32_BIT_CONVERSION = YES;
				GCC_WARN_ABOUT_RETURN_TYPE = YES_ERROR;
				GCC_WARN_UNDECLARED_SELECTOR = YES;
				GCC_WARN_UNINITIALIZED_AUTOS = YES_AGGRESSIVE;
				GCC_WARN_UNUSED_FUNCTION = YES;
				GCC_WARN_UNUSED_VARIABLE = YES;
				LOCALIZATION_PREFERS_STRING_CATALOGS = YES;
				MTL_ENABLE_DEBUG_INFO = INCLUDE_SOURCE;
				MTL_FAST_MATH = YES;
				ONLY_ACTIVE_ARCH = YES;
				SWIFT_ACTIVE_COMPILATION_CONDITIONS = "DEBUG $(inherited)";
				SWIFT_OPTIMIZATION_LEVEL = "-Onone";
			};
			name = Debug;
		};
		1E2E55752FC2AA7F00B6345C /* Release */ = {
			isa = XCBuildConfiguration;
			buildSettings = {
				ALWAYS_SEARCH_USER_PATHS = NO;
				ASSETCATALOG_COMPILER_GENERATE_SWIFT_ASSET_SYMBOL_EXTENSIONS = YES;
				CLANG_ANALYZER_NONNULL = YES;
				CLANG_ANALYZER_NUMBER_OBJECT_CONVERSION = YES_AGGRESSIVE;
				CLANG_CXX_LANGUAGE_STANDARD = "gnu++20";
				CLANG_ENABLE_MODULES = YES;
				CLANG_ENABLE_OBJC_ARC = YES;
				CLANG_ENABLE_OBJC_WEAK = YES;
				CLANG_WARN_BLOCK_CAPTURE_AUTORELEASING = YES;
				CLANG_WARN_BOOL_CONVERSION = YES;
				CLANG_WARN_COMMA = YES;
				CLANG_WARN_CONSTANT_CONVERSION = YES;
				CLANG_WARN_DEPRECATED_OBJC_IMPLEMENTATIONS = YES;
				CLANG_WARN_DIRECT_OBJC_ISA_USAGE = YES_ERROR;
				CLANG_WARN_DOCUMENTATION_COMMENTS = YES;
				CLANG_WARN_EMPTY_BODY = YES;
				CLANG_WARN_ENUM_CONVERSION = YES;
				CLANG_WARN_INFINITE_RECURSION = YES;
				CLANG_WARN_INT_CONVERSION = YES;
				CLANG_WARN_NON_LITERAL_NULL_CONVERSION = YES;
				CLANG_WARN_OBJC_IMPLICIT_RETAIN_SELF = YES;
				CLANG_WARN_OBJC_LITERAL_CONVERSION = YES;
				CLANG_WARN_OBJC_ROOT_CLASS = YES_ERROR;
				CLANG_WARN_QUOTED_INCLUDE_IN_FRAMEWORK_HEADER = YES;
				CLANG_WARN_RANGE_LOOP_ANALYSIS = YES;
				CLANG_WARN_STRICT_PROTOTYPES = YES;
				CLANG_WARN_SUSPICIOUS_MOVE = YES;
				CLANG_WARN_UNGUARDED_AVAILABILITY = YES_AGGRESSIVE;
				CLANG_WARN_UNREACHABLE_CODE = YES;
				CLANG_WARN__DUPLICATE_METHOD_MATCH = YES;
				COPY_PHASE_STRIP = NO;
				DEBUG_INFORMATION_FORMAT = "dwarf-with-dsym";
				DEVELOPMENT_TEAM = U7DNT8RZUL;
				ENABLE_NS_ASSERTIONS = NO;
				ENABLE_STRICT_OBJC_MSGSEND = YES;
				ENABLE_USER_SCRIPT_SANDBOXING = YES;
				GCC_C_LANGUAGE_STANDARD = gnu17;
				GCC_NO_COMMON_BLOCKS = YES;
				GCC_WARN_64_TO_32_BIT_CONVERSION = YES;
				GCC_WARN_ABOUT_RETURN_TYPE = YES_ERROR;
				GCC_WARN_UNDECLARED_SELECTOR = YES;
				GCC_WARN_UNINITIALIZED_AUTOS = YES_AGGRESSIVE;
				GCC_WARN_UNUSED_FUNCTION = YES;
				GCC_WARN_UNUSED_VARIABLE = YES;
				LOCALIZATION_PREFERS_STRING_CATALOGS = YES;
				MTL_ENABLE_DEBUG_INFO = NO;
				MTL_FAST_MATH = YES;
				SWIFT_COMPILATION_MODE = wholemodule;
			};
			name = Release;
		};
		1E2E55772FC2AA7F00B6345C /* Debug */ = {
			isa = XCBuildConfiguration;
			buildSettings = {
				ASSETCATALOG_COMPILER_APPICON_NAME = AppIcon;
				ASSETCATALOG_COMPILER_GLOBAL_ACCENT_COLOR_NAME = AccentColor;
				CODE_SIGN_STYLE = Automatic;
				CURRENT_PROJECT_VERSION = 1;
				DEVELOPMENT_TEAM = U7DNT8RZUL;
				ENABLE_PREVIEWS = YES;
				GENERATE_INFOPLIST_FILE = YES;
				INFOPLIST_KEY_CFBundleDisplayName = TradeBitch;
				INFOPLIST_KEY_UIApplicationSceneManifest_Generation = YES;
				INFOPLIST_KEY_UIApplicationSupportsIndirectInputEvents = YES;
				INFOPLIST_KEY_UILaunchScreen_Generation = YES;
				INFOPLIST_KEY_UIStatusBarStyle = UIStatusBarStyleDefault;
				INFOPLIST_KEY_UISupportedInterfaceOrientations_iPad = "UIInterfaceOrientationPortrait UIInterfaceOrientationPortraitUpsideDown UIInterfaceOrientationLandscapeLeft UIInterfaceOrientationLandscapeRight";
				INFOPLIST_KEY_UISupportedInterfaceOrientations_iPhone = "UIInterfaceOrientationPortrait UIInterfaceOrientationLandscapeLeft UIInterfaceOrientationLandscapeRight";
				IPHONEOS_DEPLOYMENT_TARGET = 26.0;
				LD_RUNPATH_SEARCH_PATHS = "@executable_path/Frameworks";
				MARKETING_VERSION = 1.0;
				PRODUCT_BUNDLE_IDENTIFIER = com.melfranklin.scalper.ScalperDashboard;
				PRODUCT_NAME = "$(TARGET_NAME)";
				SDKROOT = iphoneos;
				SUPPORTED_PLATFORMS = "iphoneos iphonesimulator";
				SUPPORTS_MACCATALYST = NO;
				SUPPORTS_MAC_DESIGNED_FOR_IPHONE_IPAD = NO;
				SUPPORTS_XR_DESIGNED_FOR_IPHONE_IPAD = NO;
				SWIFT_EMIT_LOC_STRINGS = YES;
				SWIFT_VERSION = 5.0;
				TARGETED_DEVICE_FAMILY = "1,2";
			};
			name = Debug;
		};
		1E2E55782FC2AA7F00B6345C /* Release */ = {
			isa = XCBuildConfiguration;
			buildSettings = {
				ASSETCATALOG_COMPILER_APPICON_NAME = AppIcon;
				ASSETCATALOG_COMPILER_GLOBAL_ACCENT_COLOR_NAME = AccentColor;
				CODE_SIGN_STYLE = Automatic;
				CURRENT_PROJECT_VERSION = 1;
				DEVELOPMENT_TEAM = U7DNT8RZUL;
				GENERATE_INFOPLIST_FILE = YES;
				INFOPLIST_KEY_CFBundleDisplayName = TradeBitch;
				INFOPLIST_KEY_UIApplicationSceneManifest_Generation = YES;
				INFOPLIST_KEY_UIApplicationSupportsIndirectInputEvents = YES;
				INFOPLIST_KEY_UILaunchScreen_Generation = YES;
				INFOPLIST_KEY_UIStatusBarStyle = UIStatusBarStyleDefault;
				INFOPLIST_KEY_UISupportedInterfaceOrientations_iPad = "UIInterfaceOrientationPortrait UIInterfaceOrientationPortraitUpsideDown UIInterfaceOrientationLandscapeLeft UIInterfaceOrientationLandscapeRight";
				INFOPLIST_KEY_UISupportedInterfaceOrientations_iPhone = "UIInterfaceOrientationPortrait UIInterfaceOrientationLandscapeLeft UIInterfaceOrientationLandscapeRight";
				IPHONEOS_DEPLOYMENT_TARGET = 26.0;
				LD_RUNPATH_SEARCH_PATHS = "@executable_path/Frameworks";
				MARKETING_VERSION = 1.0;
				PRODUCT_BUNDLE_IDENTIFIER = com.melfranklin.scalper.ScalperDashboard;
				PRODUCT_NAME = "$(TARGET_NAME)";
				SDKROOT = iphoneos;
				SUPPORTED_PLATFORMS = "iphoneos iphonesimulator";
				SUPPORTS_MACCATALYST = NO;
				SUPPORTS_MAC_DESIGNED_FOR_IPHONE_IPAD = NO;
				SUPPORTS_XR_DESIGNED_FOR_IPHONE_IPAD = NO;
				SWIFT_COMPILATION_MODE = wholemodule;
				SWIFT_EMIT_LOC_STRINGS = YES;
				SWIFT_VERSION = 5.0;
				TARGETED_DEVICE_FAMILY = "1,2";
			};
			name = Release;
		};
		1E2E557A2FC2AA7F00B6345C /* Debug */ = {
			isa = XCBuildConfiguration;
			buildSettings = {
				BUNDLE_LOADER = "$(TEST_HOST)";
				CODE_SIGN_STYLE = Automatic;
				CURRENT_PROJECT_VERSION = 1;
				DEVELOPMENT_TEAM = U7DNT8RZUL;
				GENERATE_INFOPLIST_FILE = YES;
				IPHONEOS_DEPLOYMENT_TARGET = 26.0;
				MACOSX_DEPLOYMENT_TARGET = 26.2;
				MARKETING_VERSION = 1.0;
				PRODUCT_BUNDLE_IDENTIFIER = com.melfranklin.scalper.ScalperDashboardTests;
				PRODUCT_NAME = "$(TARGET_NAME)";
				SDKROOT = auto;
				STRING_CATALOG_GENERATE_SYMBOLS = NO;
				SUPPORTED_PLATFORMS = "iphoneos iphonesimulator";
				SUPPORTS_MACCATALYST = NO;
				SWIFT_APPROACHABLE_CONCURRENCY = YES;
				SWIFT_EMIT_LOC_STRINGS = NO;
				SWIFT_UPCOMING_FEATURE_MEMBER_IMPORT_VISIBILITY = YES;
				SWIFT_VERSION = 5.0;
				TARGETED_DEVICE_FAMILY = "1,2";
				TEST_HOST = "$(BUILT_PRODUCTS_DIR)/ScalperDashboard.app/$(BUNDLE_EXECUTABLE_FOLDER_PATH)/ScalperDashboard";
				XROS_DEPLOYMENT_TARGET = 26.2;
			};
			name = Debug;
		};
		1E2E557B2FC2AA7F00B6345C /* Release */ = {
			isa = XCBuildConfiguration;
			buildSettings = {
				BUNDLE_LOADER = "$(TEST_HOST)";
				CODE_SIGN_STYLE = Automatic;
				CURRENT_PROJECT_VERSION = 1;
				DEVELOPMENT_TEAM = U7DNT8RZUL;
				GENERATE_INFOPLIST_FILE = YES;
				IPHONEOS_DEPLOYMENT_TARGET = 26.0;
				MACOSX_DEPLOYMENT_TARGET = 26.2;
				MARKETING_VERSION = 1.0;
				PRODUCT_BUNDLE_IDENTIFIER = com.melfranklin.scalper.ScalperDashboardTests;
				PRODUCT_NAME = "$(TARGET_NAME)";
				SDKROOT = auto;
				STRING_CATALOG_GENERATE_SYMBOLS = NO;
				SUPPORTED_PLATFORMS = "iphoneos iphonesimulator";
				SUPPORTS_MACCATALYST = NO;
				SWIFT_APPROACHABLE_CONCURRENCY = YES;
				SWIFT_EMIT_LOC_STRINGS = NO;
				SWIFT_UPCOMING_FEATURE_MEMBER_IMPORT_VISIBILITY = YES;
				SWIFT_VERSION = 5.0;
				TARGETED_DEVICE_FAMILY = "1,2";
				TEST_HOST = "$(BUILT_PRODUCTS_DIR)/ScalperDashboard.app/$(BUNDLE_EXECUTABLE_FOLDER_PATH)/ScalperDashboard";
				XROS_DEPLOYMENT_TARGET = 26.2;
			};
			name = Release;
		};
		1E2E557D2FC2AA7F00B6345C /* Debug */ = {
			isa = XCBuildConfiguration;
			buildSettings = {
				CODE_SIGN_STYLE = Automatic;
				CURRENT_PROJECT_VERSION = 1;
				DEVELOPMENT_TEAM = U7DNT8RZUL;
				GENERATE_INFOPLIST_FILE = YES;
				IPHONEOS_DEPLOYMENT_TARGET = 26.0;
				MACOSX_DEPLOYMENT_TARGET = 26.2;
				MARKETING_VERSION = 1.0;
				PRODUCT_BUNDLE_IDENTIFIER = com.melfranklin.scalper.ScalperDashboardUITests;
				PRODUCT_NAME = "$(TARGET_NAME)";
				SDKROOT = auto;
				STRING_CATALOG_GENERATE_SYMBOLS = NO;
				SUPPORTED_PLATFORMS = "iphoneos iphonesimulator";
				SUPPORTS_MACCATALYST = NO;
				SWIFT_APPROACHABLE_CONCURRENCY = YES;
				SWIFT_EMIT_LOC_STRINGS = NO;
				SWIFT_UPCOMING_FEATURE_MEMBER_IMPORT_VISIBILITY = YES;
				SWIFT_VERSION = 5.0;
				TARGETED_DEVICE_FAMILY = "1,2";
				TEST_TARGET_NAME = ScalperDashboard;
				XROS_DEPLOYMENT_TARGET = 26.2;
			};
			name = Debug;
		};
		1E2E557E2FC2AA7F00B6345C /* Release */ = {
			isa = XCBuildConfiguration;
			buildSettings = {
				CODE_SIGN_STYLE = Automatic;
				CURRENT_PROJECT_VERSION = 1;
				DEVELOPMENT_TEAM = U7DNT8RZUL;
				GENERATE_INFOPLIST_FILE = YES;
				IPHONEOS_DEPLOYMENT_TARGET = 26.0;
				MACOSX_DEPLOYMENT_TARGET = 26.2;
				MARKETING_VERSION = 1.0;
				PRODUCT_BUNDLE_IDENTIFIER = com.melfranklin.scalper.ScalperDashboardUITests;
				PRODUCT_NAME = "$(TARGET_NAME)";
				SDKROOT = auto;
				STRING_CATALOG_GENERATE_SYMBOLS = NO;
				SUPPORTED_PLATFORMS = "iphoneos iphonesimulator";
				SUPPORTS_MACCATALYST = NO;
				SWIFT_APPROACHABLE_CONCURRENCY = YES;
				SWIFT_EMIT_LOC_STRINGS = NO;
				SWIFT_UPCOMING_FEATURE_MEMBER_IMPORT_VISIBILITY = YES;
				SWIFT_VERSION = 5.0;
				TARGETED_DEVICE_FAMILY = "1,2";
				TEST_TARGET_NAME = ScalperDashboard;
				XROS_DEPLOYMENT_TARGET = 26.2;
			};
			name = Release;
		};
/* End XCBuildConfiguration section */

/* Begin XCConfigurationList section */
		1E2E554E2FC2AA7D00B6345C /* Build configuration list for PBXProject "ScalperDashboard" */ = {
			isa = XCConfigurationList;
			buildConfigurations = (
				1E2E55742FC2AA7F00B6345C /* Debug */,
				1E2E55752FC2AA7F00B6345C /* Release */,
			);
			defaultConfigurationIsVisible = 0;
			defaultConfigurationName = Release;
		};
		1E2E55762FC2AA7F00B6345C /* Build configuration list for PBXNativeTarget "ScalperDashboard" */ = {
			isa = XCConfigurationList;
			buildConfigurations = (
				1E2E55772FC2AA7F00B6345C /* Debug */,
				1E2E55782FC2AA7F00B6345C /* Release */,
			);
			defaultConfigurationIsVisible = 0;
			defaultConfigurationName = Release;
		};
		1E2E55792FC2AA7F00B6345C /* Build configuration list for PBXNativeTarget "ScalperDashboardTests" */ = {
			isa = XCConfigurationList;
			buildConfigurations = (
				1E2E557A2FC2AA7F00B6345C /* Debug */,
				1E2E557B2FC2AA7F00B6345C /* Release */,
			);
			defaultConfigurationIsVisible = 0;
			defaultConfigurationName = Release;
		};
		1E2E557C2FC2AA7F00B6345C /* Build configuration list for PBXNativeTarget "ScalperDashboardUITests" */ = {
			isa = XCConfigurationList;
			buildConfigurations = (
				1E2E557D2FC2AA7F00B6345C /* Debug */,
				1E2E557E2FC2AA7F00B6345C /* Release */,
			);
			defaultConfigurationIsVisible = 0;
			defaultConfigurationName = Release;
		};
/* End XCConfigurationList section */
	};
	rootObject = 1E2E554B2FC2AA7D00B6345C /* Project object */;
}
